
Microsoft Visual Studio Solution File, Format Version 12.00
# Visual Studio Version 16
VisualStudioVersion = 16.0.30907.101
MinimumVisualStudioVersion = 10.0.40219.1
Project("{FAE04EC0-301F-11D3-BF4B-00C04F79EFBC}") = "NUnitTestProject1", "NUnitTestProject1\NUnitTestProject1.csproj", "{17A86D79-BAFF-4F47-ACCD-7AF2320F8862}"
EndProject
Global
	GlobalSection(SolutionConfigurationPlatforms) = preSolution
		Debug|Any CPU = Debug|Any CPU
		Release|Any CPU = Release|Any CPU
	EndGlobalSection
	GlobalSection(ProjectConfigurationPlatforms) = postSolution
		{17A86D79-BAFF-4F47-ACCD-7AF2320F8862}.Debug|Any CPU.ActiveCfg = Debug|Any CPU
		{17A86D79-BAFF-4F47-ACCD-7AF2320F8862}.Debug|Any CPU.Build.0 = Debug|Any CPU
		{17A86D79-BAFF-4F47-ACCD-7AF2320F8862}.Release|Any CPU.ActiveCfg = Release|Any CPU
		{17A86D79-BAFF-4F47-ACCD-7AF2320F8862}.Release|Any CPU.Build.0 = Release|Any CPU
	EndGlobalSection
	GlobalSection(SolutionProperties) = preSolution
		HideSolutionNode = FALSE
	EndGlobalSection
	GlobalSection(ExtensibilityGlobals) = postSolution
		SolutionGuid = {8FABDD9C-7EFD-4162-9348-726E2E781963}
	EndGlobalSection
EndGlobal
